schema: '2.0'
stages:
  prepare:
    cmd: python3 src/prepare.py data/data.xml
    deps:
    - path: data/data.xml
      md5: 22a1a2931c8370d3aeedd7183606fd7f
      size: 14445097
    - path: src/prepare.py
      md5: bb32810eb9c28e60b61efec52ec8997e
      size: 1612
    params:
      params.yaml:
        prepare.seed: 201704
        prepare.split: 0.2
    outs:
    - path: data/prepared
      md5: 6db7813dc6441037fc702be9b8e612d2.dir
      size: 8437363
      nfiles: 2
  featurize:
    cmd: python3 src/featurization.py data/prepared data/features
    deps:
    - path: data/prepared
      md5: 6db7813dc6441037fc702be9b8e612d2.dir
      size: 8437363
      nfiles: 2
    - path: src/featurization.py
      md5: e0265fc22f056a4b86d85c3056bc2894
      size: 2490
    params:
      params.yaml:
        featurize.max_features: 10
        featurize.ngrams: 1
    outs:
    - path: data/features
      md5: d2e544bd522d20a4b152150fe29c6e04.dir
      size: 521173
      nfiles: 2
  train:
    cmd: python3 src/train.py data/features model.pkl
    deps:
    - path: data/features
      md5: d2e544bd522d20a4b152150fe29c6e04.dir
      size: 521173
      nfiles: 2
    - path: src/train.py
      md5: ff7ff154af3f74a61f87b353ec856b71
      size: 1062
    params:
      params.yaml:
        train.min_split: 0.06
        train.n_est: 60
        train.seed: 201704
    outs:
    - path: model.pkl
      md5: 20f83ee112611af4e78ae05a85c02202
      size: 315243
  evaluate:
    cmd: python3 src/evaluate.py model.pkl data/features
    deps:
    - path: data/features
      md5: d2e544bd522d20a4b152150fe29c6e04.dir
      size: 521173
      nfiles: 2
    - path: model.pkl
      md5: 20f83ee112611af4e78ae05a85c02202
      size: 315243
    - path: src/evaluate.py
      md5: f733f8c870014dfd16e575c366518e65
      size: 2443
    outs:
    - path: evaluation.json
      md5: a0f17e123f5d66156711352183600cb5
      size: 73
    - path: evaluation/importance.png
      md5: 9f71b7422bf25bc696c2d42f6b0df0a4
      size: 16861
    - path: evaluation/plots/confusion_matrix.json
      md5: 20047edbf3fb93b764238aed270bd6f7
      size: 124137
    - path: evaluation/plots/precision_recall.json
      md5: 0d327355233861f24d01eb92a7b3dedb
      size: 148791
    - path: evaluation/plots/roc.json
      md5: 1f6c7b5160c122902106eb793b5110c7
      size: 70035
