schema: '2.0'
stages:
  prepare:
    cmd: python3 src/prepare.py data/data.xml
    deps:
    - path: data/data.xml
      md5: 22a1a2931c8370d3aeedd7183606fd7f
      size: 14445097
    - path: src/prepare.py
      md5: bb32810eb9c28e60b61efec52ec8997e
      size: 1612
    params:
      params.yaml:
        prepare.seed: 20170428
        prepare.split: 0.2
    outs:
    - path: data/prepared
      md5: 153aad06d376b6595932470e459ef42a.dir
      size: 8437363
      nfiles: 2
  featurize:
    cmd: python3 src/featurization.py data/prepared data/features
    deps:
    - path: data/prepared
      md5: 153aad06d376b6595932470e459ef42a.dir
      size: 8437363
      nfiles: 2
    - path: src/featurization.py
      md5: e0265fc22f056a4b86d85c3056bc2894
      size: 2490
    params:
      params.yaml:
        featurize.max_features: 100
        featurize.ngrams: 1
    outs:
    - path: data/features
      md5: f8f5cbc3188008a7542d02d63054d9d2.dir
      size: 1556290
      nfiles: 2
  train:
    cmd: python3 src/train.py data/features model.pkl
    deps:
    - path: data/features
      md5: f8f5cbc3188008a7542d02d63054d9d2.dir
      size: 1556290
      nfiles: 2
    - path: src/train.py
      md5: ff7ff154af3f74a61f87b353ec856b71
      size: 1062
    params:
      params.yaml:
        train.min_split: 0.01
        train.n_est: 50
        train.seed: 20170428
    outs:
    - path: model.pkl
      md5: e5afe4ee3eb89290419c389e992ccbf5
      size: 1670980
  evaluate:
    cmd: python3 src/evaluate.py model.pkl data/features
    deps:
    - path: data/features
      md5: f8f5cbc3188008a7542d02d63054d9d2.dir
      size: 1556290
      nfiles: 2
    - path: model.pkl
      md5: e5afe4ee3eb89290419c389e992ccbf5
      size: 1670980
    - path: src/evaluate.py
      md5: f733f8c870014dfd16e575c366518e65
      size: 2443
    outs:
    - path: evaluation.json
      md5: c75c857c8efd2832d3423b0d8c0a560e
      size: 73
    - path: evaluation/importance.png
      md5: 714f7dfb7296be62b92bc658aae64c02
      size: 29454
    - path: evaluation/plots/confusion_matrix.json
      md5: 38c0fe3deeb244747ead298413feca52
      size: 122246
    - path: evaluation/plots/precision_recall.json
      md5: f66aaa838360b7f5841a7a7afa76ff97
      size: 150527
    - path: evaluation/plots/roc.json
      md5: 43a66d1d87a04858f668fc029d4b6299
      size: 45011
